
Microsoft Visual Studio Solution File, Format Version 12.00
# Visual Studio Version 17
VisualStudioVersion = 17.0.31903.59
MinimumVisualStudioVersion = 10.0.40219.1
Project("{FAE04EC0-301F-11D3-BF4B-00C04F79EFBC}") = "Day 02", "Day 02\Day 02.csproj", "{D0E1702F-D9BC-4457-B80E-81B07651A3B0}"
EndProject
Project("{FAE04EC0-301F-11D3-BF4B-00C04F79EFBC}") = "Day 03", "Day 03\Day 03.csproj", "{9548CC13-70DA-48CB-8C46-1EBD72715DAB}"
EndProject
Project("{FAE04EC0-301F-11D3-BF4B-00C04F79EFBC}") = "Day 04", "Day 04\Day 04.csproj", "{9D947D02-DDDC-4E1B-B86D-D0A4D1E1BF0A}"
EndProject
Project("{FAE04EC0-301F-11D3-BF4B-00C04F79EFBC}") = "Day 05", "Day 05\Day 05.csproj", "{65A92A25-C4BC-493D-861D-1625649B4398}"
EndProject
Project("{FAE04EC0-301F-11D3-BF4B-00C04F79EFBC}") = "Day 07", "Day 07\Day 07.csproj", "{F24986A8-8EAC-46F8-94AB-AC78C397ADFE}"
EndProject
Project("{FAE04EC0-301F-11D3-BF4B-00C04F79EFBC}") = "Day 08", "Day 08\Day 08.csproj", "{35473B2D-C5F3-4521-BBBD-993E28F18C06}"
EndProject
Project("{FAE04EC0-301F-11D3-BF4B-00C04F79EFBC}") = "Day 09", "Day 09\Day 09.csproj", "{890496D4-4C67-48AD-ADFE-048EAEE04A0E}"
EndProject
Project("{FAE04EC0-301F-11D3-BF4B-00C04F79EFBC}") = "Day 10", "Day 10\Day 10.csproj", "{740D3E15-6511-4703-A302-DDD3FBBF3E21}"
EndProject
Project("{FAE04EC0-301F-11D3-BF4B-00C04F79EFBC}") = "Day 11", "Day 11\Day 11.csproj", "{079A3C39-3619-4372-A7A5-01DFA2C44D72}"
EndProject
Project("{FAE04EC0-301F-11D3-BF4B-00C04F79EFBC}") = "Day 12", "Day 12\Day 12.csproj", "{92FFAE47-8044-45BE-891F-86B529A2F95A}"
EndProject
Global
	GlobalSection(SolutionConfigurationPlatforms) = preSolution
		Debug|Any CPU = Debug|Any CPU
		Debug|x64 = Debug|x64
		Debug|x86 = Debug|x86
		Release|Any CPU = Release|Any CPU
		Release|x64 = Release|x64
		Release|x86 = Release|x86
	EndGlobalSection
	GlobalSection(ProjectConfigurationPlatforms) = postSolution
		{D0E1702F-D9BC-4457-B80E-81B07651A3B0}.Debug|Any CPU.ActiveCfg = Debug|Any CPU
		{D0E1702F-D9BC-4457-B80E-81B07651A3B0}.Debug|Any CPU.Build.0 = Debug|Any CPU
		{D0E1702F-D9BC-4457-B80E-81B07651A3B0}.Debug|x64.ActiveCfg = Debug|Any CPU
		{D0E1702F-D9BC-4457-B80E-81B07651A3B0}.Debug|x64.Build.0 = Debug|Any CPU
		{D0E1702F-D9BC-4457-B80E-81B07651A3B0}.Debug|x86.ActiveCfg = Debug|Any CPU
		{D0E1702F-D9BC-4457-B80E-81B07651A3B0}.Debug|x86.Build.0 = Debug|Any CPU
		{D0E1702F-D9BC-4457-B80E-81B07651A3B0}.Release|Any CPU.ActiveCfg = Release|Any CPU
		{D0E1702F-D9BC-4457-B80E-81B07651A3B0}.Release|Any CPU.Build.0 = Release|Any CPU
		{D0E1702F-D9BC-4457-B80E-81B07651A3B0}.Release|x64.ActiveCfg = Release|Any CPU
		{D0E1702F-D9BC-4457-B80E-81B07651A3B0}.Release|x64.Build.0 = Release|Any CPU
		{D0E1702F-D9BC-4457-B80E-81B07651A3B0}.Release|x86.ActiveCfg = Release|Any CPU
		{D0E1702F-D9BC-4457-B80E-81B07651A3B0}.Release|x86.Build.0 = Release|Any CPU
		{9548CC13-70DA-48CB-8C46-1EBD72715DAB}.Debug|Any CPU.ActiveCfg = Debug|Any CPU
		{9548CC13-70DA-48CB-8C46-1EBD72715DAB}.Debug|Any CPU.Build.0 = Debug|Any CPU
		{9548CC13-70DA-48CB-8C46-1EBD72715DAB}.Debug|x64.ActiveCfg = Debug|Any CPU
		{9548CC13-70DA-48CB-8C46-1EBD72715DAB}.Debug|x64.Build.0 = Debug|Any CPU
		{9548CC13-70DA-48CB-8C46-1EBD72715DAB}.Debug|x86.ActiveCfg = Debug|Any CPU
		{9548CC13-70DA-48CB-8C46-1EBD72715DAB}.Debug|x86.Build.0 = Debug|Any CPU
		{9548CC13-70DA-48CB-8C46-1EBD72715DAB}.Release|Any CPU.ActiveCfg = Release|Any CPU
		{9548CC13-70DA-48CB-8C46-1EBD72715DAB}.Release|Any CPU.Build.0 = Release|Any CPU
		{9548CC13-70DA-48CB-8C46-1EBD72715DAB}.Release|x64.ActiveCfg = Release|Any CPU
		{9548CC13-70DA-48CB-8C46-1EBD72715DAB}.Release|x64.Build.0 = Release|Any CPU
		{9548CC13-70DA-48CB-8C46-1EBD72715DAB}.Release|x86.ActiveCfg = Release|Any CPU
		{9548CC13-70DA-48CB-8C46-1EBD72715DAB}.Release|x86.Build.0 = Release|Any CPU
		{9D947D02-DDDC-4E1B-B86D-D0A4D1E1BF0A}.Debug|Any CPU.ActiveCfg = Debug|Any CPU
		{9D947D02-DDDC-4E1B-B86D-D0A4D1E1BF0A}.Debug|Any CPU.Build.0 = Debug|Any CPU
		{9D947D02-DDDC-4E1B-B86D-D0A4D1E1BF0A}.Debug|x64.ActiveCfg = Debug|Any CPU
		{9D947D02-DDDC-4E1B-B86D-D0A4D1E1BF0A}.Debug|x64.Build.0 = Debug|Any CPU
		{9D947D02-DDDC-4E1B-B86D-D0A4D1E1BF0A}.Debug|x86.ActiveCfg = Debug|Any CPU
		{9D947D02-DDDC-4E1B-B86D-D0A4D1E1BF0A}.Debug|x86.Build.0 = Debug|Any CPU
		{9D947D02-DDDC-4E1B-B86D-D0A4D1E1BF0A}.Release|Any CPU.ActiveCfg = Release|Any CPU
		{9D947D02-DDDC-4E1B-B86D-D0A4D1E1BF0A}.Release|Any CPU.Build.0 = Release|Any CPU
		{9D947D02-DDDC-4E1B-B86D-D0A4D1E1BF0A}.Release|x64.ActiveCfg = Release|Any CPU
		{9D947D02-DDDC-4E1B-B86D-D0A4D1E1BF0A}.Release|x64.Build.0 = Release|Any CPU
		{9D947D02-DDDC-4E1B-B86D-D0A4D1E1BF0A}.Release|x86.ActiveCfg = Release|Any CPU
		{9D947D02-DDDC-4E1B-B86D-D0A4D1E1BF0A}.Release|x86.Build.0 = Release|Any CPU
		{65A92A25-C4BC-493D-861D-1625649B4398}.Debug|Any CPU.ActiveCfg = Debug|Any CPU
		{65A92A25-C4BC-493D-861D-1625649B4398}.Debug|Any CPU.Build.0 = Debug|Any CPU
		{65A92A25-C4BC-493D-861D-1625649B4398}.Debug|x64.ActiveCfg = Debug|Any CPU
		{65A92A25-C4BC-493D-861D-1625649B4398}.Debug|x64.Build.0 = Debug|Any CPU
		{65A92A25-C4BC-493D-861D-1625649B4398}.Debug|x86.ActiveCfg = Debug|Any CPU
		{65A92A25-C4BC-493D-861D-1625649B4398}.Debug|x86.Build.0 = Debug|Any CPU
		{65A92A25-C4BC-493D-861D-1625649B4398}.Release|Any CPU.ActiveCfg = Release|Any CPU
		{65A92A25-C4BC-493D-861D-1625649B4398}.Release|Any CPU.Build.0 = Release|Any CPU
		{65A92A25-C4BC-493D-861D-1625649B4398}.Release|x64.ActiveCfg = Release|Any CPU
		{65A92A25-C4BC-493D-861D-1625649B4398}.Release|x64.Build.0 = Release|Any CPU
		{65A92A25-C4BC-493D-861D-1625649B4398}.Release|x86.ActiveCfg = Release|Any CPU
		{65A92A25-C4BC-493D-861D-1625649B4398}.Release|x86.Build.0 = Release|Any CPU
		{F24986A8-8EAC-46F8-94AB-AC78C397ADFE}.Debug|Any CPU.ActiveCfg = Debug|Any CPU
		{F24986A8-8EAC-46F8-94AB-AC78C397ADFE}.Debug|Any CPU.Build.0 = Debug|Any CPU
		{F24986A8-8EAC-46F8-94AB-AC78C397ADFE}.Debug|x64.ActiveCfg = Debug|Any CPU
		{F24986A8-8EAC-46F8-94AB-AC78C397ADFE}.Debug|x64.Build.0 = Debug|Any CPU
		{F24986A8-8EAC-46F8-94AB-AC78C397ADFE}.Debug|x86.ActiveCfg = Debug|Any CPU
		{F24986A8-8EAC-46F8-94AB-AC78C397ADFE}.Debug|x86.Build.0 = Debug|Any CPU
		{F24986A8-8EAC-46F8-94AB-AC78C397ADFE}.Release|Any CPU.ActiveCfg = Release|Any CPU
		{F24986A8-8EAC-46F8-94AB-AC78C397ADFE}.Release|Any CPU.Build.0 = Release|Any CPU
		{F24986A8-8EAC-46F8-94AB-AC78C397ADFE}.Release|x64.ActiveCfg = Release|Any CPU
		{F24986A8-8EAC-46F8-94AB-AC78C397ADFE}.Release|x64.Build.0 = Release|Any CPU
		{F24986A8-8EAC-46F8-94AB-AC78C397ADFE}.Release|x86.ActiveCfg = Release|Any CPU
		{F24986A8-8EAC-46F8-94AB-AC78C397ADFE}.Release|x86.Build.0 = Release|Any CPU
		{35473B2D-C5F3-4521-BBBD-993E28F18C06}.Debug|Any CPU.ActiveCfg = Debug|Any CPU
		{35473B2D-C5F3-4521-BBBD-993E28F18C06}.Debug|Any CPU.Build.0 = Debug|Any CPU
		{35473B2D-C5F3-4521-BBBD-993E28F18C06}.Debug|x64.ActiveCfg = Debug|Any CPU
		{35473B2D-C5F3-4521-BBBD-993E28F18C06}.Debug|x64.Build.0 = Debug|Any CPU
		{35473B2D-C5F3-4521-BBBD-993E28F18C06}.Debug|x86.ActiveCfg = Debug|Any CPU
		{35473B2D-C5F3-4521-BBBD-993E28F18C06}.Debug|x86.Build.0 = Debug|Any CPU
		{35473B2D-C5F3-4521-BBBD-993E28F18C06}.Release|Any CPU.ActiveCfg = Release|Any CPU
		{35473B2D-C5F3-4521-BBBD-993E28F18C06}.Release|Any CPU.Build.0 = Release|Any CPU
		{35473B2D-C5F3-4521-BBBD-993E28F18C06}.Release|x64.ActiveCfg = Release|Any CPU
		{35473B2D-C5F3-4521-BBBD-993E28F18C06}.Release|x64.Build.0 = Release|Any CPU
		{35473B2D-C5F3-4521-BBBD-993E28F18C06}.Release|x86.ActiveCfg = Release|Any CPU
		{35473B2D-C5F3-4521-BBBD-993E28F18C06}.Release|x86.Build.0 = Release|Any CPU
		{890496D4-4C67-48AD-ADFE-048EAEE04A0E}.Debug|Any CPU.ActiveCfg = Debug|Any CPU
		{890496D4-4C67-48AD-ADFE-048EAEE04A0E}.Debug|Any CPU.Build.0 = Debug|Any CPU
		{890496D4-4C67-48AD-ADFE-048EAEE04A0E}.Debug|x64.ActiveCfg = Debug|Any CPU
		{890496D4-4C67-48AD-ADFE-048EAEE04A0E}.Debug|x64.Build.0 = Debug|Any CPU
		{890496D4-4C67-48AD-ADFE-048EAEE04A0E}.Debug|x86.ActiveCfg = Debug|Any CPU
		{890496D4-4C67-48AD-ADFE-048EAEE04A0E}.Debug|x86.Build.0 = Debug|Any CPU
		{890496D4-4C67-48AD-ADFE-048EAEE04A0E}.Release|Any CPU.ActiveCfg = Release|Any CPU
		{890496D4-4C67-48AD-ADFE-048EAEE04A0E}.Release|Any CPU.Build.0 = Release|Any CPU
		{890496D4-4C67-48AD-ADFE-048EAEE04A0E}.Release|x64.ActiveCfg = Release|Any CPU
		{890496D4-4C67-48AD-ADFE-048EAEE04A0E}.Release|x64.Build.0 = Release|Any CPU
		{890496D4-4C67-48AD-ADFE-048EAEE04A0E}.Release|x86.ActiveCfg = Release|Any CPU
		{890496D4-4C67-48AD-ADFE-048EAEE04A0E}.Release|x86.Build.0 = Release|Any CPU
		{740D3E15-6511-4703-A302-DDD3FBBF3E21}.Debug|Any CPU.ActiveCfg = Debug|Any CPU
		{740D3E15-6511-4703-A302-DDD3FBBF3E21}.Debug|Any CPU.Build.0 = Debug|Any CPU
		{740D3E15-6511-4703-A302-DDD3FBBF3E21}.Debug|x64.ActiveCfg = Debug|Any CPU
		{740D3E15-6511-4703-A302-DDD3FBBF3E21}.Debug|x64.Build.0 = Debug|Any CPU
		{740D3E15-6511-4703-A302-DDD3FBBF3E21}.Debug|x86.ActiveCfg = Debug|Any CPU
		{740D3E15-6511-4703-A302-DDD3FBBF3E21}.Debug|x86.Build.0 = Debug|Any CPU
		{740D3E15-6511-4703-A302-DDD3FBBF3E21}.Release|Any CPU.ActiveCfg = Release|Any CPU
		{740D3E15-6511-4703-A302-DDD3FBBF3E21}.Release|Any CPU.Build.0 = Release|Any CPU
		{740D3E15-6511-4703-A302-DDD3FBBF3E21}.Release|x64.ActiveCfg = Release|Any CPU
		{740D3E15-6511-4703-A302-DDD3FBBF3E21}.Release|x64.Build.0 = Release|Any CPU
		{740D3E15-6511-4703-A302-DDD3FBBF3E21}.Release|x86.ActiveCfg = Release|Any CPU
		{740D3E15-6511-4703-A302-DDD3FBBF3E21}.Release|x86.Build.0 = Release|Any CPU
		{079A3C39-3619-4372-A7A5-01DFA2C44D72}.Debug|Any CPU.ActiveCfg = Debug|Any CPU
		{079A3C39-3619-4372-A7A5-01DFA2C44D72}.Debug|Any CPU.Build.0 = Debug|Any CPU
		{079A3C39-3619-4372-A7A5-01DFA2C44D72}.Debug|x64.ActiveCfg = Debug|Any CPU
		{079A3C39-3619-4372-A7A5-01DFA2C44D72}.Debug|x64.Build.0 = Debug|Any CPU
		{079A3C39-3619-4372-A7A5-01DFA2C44D72}.Debug|x86.ActiveCfg = Debug|Any CPU
		{079A3C39-3619-4372-A7A5-01DFA2C44D72}.Debug|x86.Build.0 = Debug|Any CPU
		{079A3C39-3619-4372-A7A5-01DFA2C44D72}.Release|Any CPU.ActiveCfg = Release|Any CPU
		{079A3C39-3619-4372-A7A5-01DFA2C44D72}.Release|Any CPU.Build.0 = Release|Any CPU
		{079A3C39-3619-4372-A7A5-01DFA2C44D72}.Release|x64.ActiveCfg = Release|Any CPU
		{079A3C39-3619-4372-A7A5-01DFA2C44D72}.Release|x64.Build.0 = Release|Any CPU
		{079A3C39-3619-4372-A7A5-01DFA2C44D72}.Release|x86.ActiveCfg = Release|Any CPU
		{079A3C39-3619-4372-A7A5-01DFA2C44D72}.Release|x86.Build.0 = Release|Any CPU
		{92FFAE47-8044-45BE-891F-86B529A2F95A}.Debug|Any CPU.ActiveCfg = Debug|Any CPU
		{92FFAE47-8044-45BE-891F-86B529A2F95A}.Debug|Any CPU.Build.0 = Debug|Any CPU
		{92FFAE47-8044-45BE-891F-86B529A2F95A}.Debug|x64.ActiveCfg = Debug|Any CPU
		{92FFAE47-8044-45BE-891F-86B529A2F95A}.Debug|x64.Build.0 = Debug|Any CPU
		{92FFAE47-8044-45BE-891F-86B529A2F95A}.Debug|x86.ActiveCfg = Debug|Any CPU
		{92FFAE47-8044-45BE-891F-86B529A2F95A}.Debug|x86.Build.0 = Debug|Any CPU
		{92FFAE47-8044-45BE-891F-86B529A2F95A}.Release|Any CPU.ActiveCfg = Release|Any CPU
		{92FFAE47-8044-45BE-891F-86B529A2F95A}.Release|Any CPU.Build.0 = Release|Any CPU
		{92FFAE47-8044-45BE-891F-86B529A2F95A}.Release|x64.ActiveCfg = Release|Any CPU
		{92FFAE47-8044-45BE-891F-86B529A2F95A}.Release|x64.Build.0 = Release|Any CPU
		{92FFAE47-8044-45BE-891F-86B529A2F95A}.Release|x86.ActiveCfg = Release|Any CPU
		{92FFAE47-8044-45BE-891F-86B529A2F95A}.Release|x86.Build.0 = Release|Any CPU
	EndGlobalSection
	GlobalSection(SolutionProperties) = preSolution
		HideSolutionNode = FALSE
	EndGlobalSection
EndGlobal
