
Microsoft Visual Studio Solution File, Format Version 12.00
# Visual Studio Version 17
VisualStudioVersion = 17.0.31903.59
MinimumVisualStudioVersion = 10.0.40219.1
Project("{2150E333-8FDC-42A3-9474-1A3956D46DE8}") = "Day 04", "Day 04", "{A260E2E9-55B1-4C4E-A066-FE6517DA4683}"
EndProject
Project("{FAE04EC0-301F-11D3-BF4B-00C04F79EFBC}") = "Day4", "Day 04\Day4\Day4.csproj", "{3127D985-F80E-4D7C-9017-E3F455789E7D}"
EndProject
Project("{2150E333-8FDC-42A3-9474-1A3956D46DE8}") = "Day 05", "Day 05", "{936063EA-CF8C-4DDD-817B-C90769D92350}"
EndProject
Project("{FAE04EC0-301F-11D3-BF4B-00C04F79EFBC}") = "Day05", "Day 05\Day05\Day05.csproj", "{C32EE35E-A7DA-4F11-8E20-8242E9F830ED}"
EndProject
Project("{2150E333-8FDC-42A3-9474-1A3956D46DE8}") = "Day 12", "Day 12", "{5ACF64C2-6B31-4BF0-A4BB-5648D85B6CC4}"
EndProject
Project("{FAE04EC0-301F-11D3-BF4B-00C04F79EFBC}") = "Day12", "Day 12\Day12\Day12.csproj", "{98F0CBD8-7B44-40ED-B221-0A22A519B923}"
EndProject
Global
	GlobalSection(SolutionConfigurationPlatforms) = preSolution
		Debug|Any CPU = Debug|Any CPU
		Release|Any CPU = Release|Any CPU
	EndGlobalSection
	GlobalSection(SolutionProperties) = preSolution
		HideSolutionNode = FALSE
	EndGlobalSection
	GlobalSection(ProjectConfigurationPlatforms) = postSolution
		{3127D985-F80E-4D7C-9017-E3F455789E7D}.Debug|Any CPU.ActiveCfg = Debug|Any CPU
		{3127D985-F80E-4D7C-9017-E3F455789E7D}.Debug|Any CPU.Build.0 = Debug|Any CPU
		{3127D985-F80E-4D7C-9017-E3F455789E7D}.Release|Any CPU.ActiveCfg = Release|Any CPU
		{3127D985-F80E-4D7C-9017-E3F455789E7D}.Release|Any CPU.Build.0 = Release|Any CPU
		{C32EE35E-A7DA-4F11-8E20-8242E9F830ED}.Debug|Any CPU.ActiveCfg = Debug|Any CPU
		{C32EE35E-A7DA-4F11-8E20-8242E9F830ED}.Debug|Any CPU.Build.0 = Debug|Any CPU
		{C32EE35E-A7DA-4F11-8E20-8242E9F830ED}.Release|Any CPU.ActiveCfg = Release|Any CPU
		{C32EE35E-A7DA-4F11-8E20-8242E9F830ED}.Release|Any CPU.Build.0 = Release|Any CPU
		{98F0CBD8-7B44-40ED-B221-0A22A519B923}.Debug|Any CPU.ActiveCfg = Debug|Any CPU
		{98F0CBD8-7B44-40ED-B221-0A22A519B923}.Debug|Any CPU.Build.0 = Debug|Any CPU
		{98F0CBD8-7B44-40ED-B221-0A22A519B923}.Release|Any CPU.ActiveCfg = Release|Any CPU
		{98F0CBD8-7B44-40ED-B221-0A22A519B923}.Release|Any CPU.Build.0 = Release|Any CPU
	EndGlobalSection
	GlobalSection(NestedProjects) = preSolution
		{3127D985-F80E-4D7C-9017-E3F455789E7D} = {A260E2E9-55B1-4C4E-A066-FE6517DA4683}
		{C32EE35E-A7DA-4F11-8E20-8242E9F830ED} = {936063EA-CF8C-4DDD-817B-C90769D92350}
		{98F0CBD8-7B44-40ED-B221-0A22A519B923} = {5ACF64C2-6B31-4BF0-A4BB-5648D85B6CC4}
	EndGlobalSection
EndGlobal
