
Microsoft Visual Studio Solution File, Format Version 12.00
# Visual Studio Version 17
VisualStudioVersion = 17.7.34202.233
MinimumVisualStudioVersion = 10.0.40219.1
Project("{8BC9CEB8-8B4A-11D0-8D11-00A0C91BC942}") = "AoC Day 1", "Advent of Code\Advent of Code.vcxproj", "{DE4CA3EF-AF22-4766-AF41-99D88A380E56}"
EndProject
Project("{8BC9CEB8-8B4A-11D0-8D11-00A0C91BC942}") = "AoC Day 2", "AoC Day 2\AoC Day 2.vcxproj", "{447FCCF6-3BC2-4E6B-949A-1D611D629678}"
EndProject
Project("{8BC9CEB8-8B4A-11D0-8D11-00A0C91BC942}") = "AoC Day 3", "AoC Day 3\AoC Day 3.vcxproj", "{5148BA7C-9E88-4400-9119-FA57CB880071}"
EndProject
Project("{8BC9CEB8-8B4A-11D0-8D11-00A0C91BC942}") = "AoC Day 4", "AoC Day 4\AoC Day 4.vcxproj", "{A3167BD7-409F-4D1D-8445-F1EF22FE242B}"
EndProject
Project("{8BC9CEB8-8B4A-11D0-8D11-00A0C91BC942}") = "AoC Day 5", "AoC Day 5\AoC Day 5.vcxproj", "{D250B7DF-5BAA-4640-9DAE-59CBD9421E88}"
EndProject
Project("{8BC9CEB8-8B4A-11D0-8D11-00A0C91BC942}") = "AoC Day 6", "AoC Day 6\AoC Day 6.vcxproj", "{FC576381-CF34-464F-83BA-4BAB1790AA1C}"
EndProject
Project("{8BC9CEB8-8B4A-11D0-8D11-00A0C91BC942}") = "AoC Day 7", "AoC Day 7\AoC Day 7.vcxproj", "{20C71491-B43A-47FB-83C8-97E82BD69F79}"
EndProject
Project("{8BC9CEB8-8B4A-11D0-8D11-00A0C91BC942}") = "AoC Day 8", "AoC Day 8\AoC Day 8.vcxproj", "{1199ED13-C5E0-4626-8CAD-A808DE576B3A}"
EndProject
Global
	GlobalSection(SolutionConfigurationPlatforms) = preSolution
		Debug|x64 = Debug|x64
		Debug|x86 = Debug|x86
		Release|x64 = Release|x64
		Release|x86 = Release|x86
	EndGlobalSection
	GlobalSection(ProjectConfigurationPlatforms) = postSolution
		{DE4CA3EF-AF22-4766-AF41-99D88A380E56}.Debug|x64.ActiveCfg = Debug|x64
		{DE4CA3EF-AF22-4766-AF41-99D88A380E56}.Debug|x64.Build.0 = Debug|x64
		{DE4CA3EF-AF22-4766-AF41-99D88A380E56}.Debug|x86.ActiveCfg = Debug|Win32
		{DE4CA3EF-AF22-4766-AF41-99D88A380E56}.Debug|x86.Build.0 = Debug|Win32
		{DE4CA3EF-AF22-4766-AF41-99D88A380E56}.Release|x64.ActiveCfg = Release|x64
		{DE4CA3EF-AF22-4766-AF41-99D88A380E56}.Release|x64.Build.0 = Release|x64
		{DE4CA3EF-AF22-4766-AF41-99D88A380E56}.Release|x86.ActiveCfg = Release|Win32
		{DE4CA3EF-AF22-4766-AF41-99D88A380E56}.Release|x86.Build.0 = Release|Win32
		{447FCCF6-3BC2-4E6B-949A-1D611D629678}.Debug|x64.ActiveCfg = Debug|x64
		{447FCCF6-3BC2-4E6B-949A-1D611D629678}.Debug|x64.Build.0 = Debug|x64
		{447FCCF6-3BC2-4E6B-949A-1D611D629678}.Debug|x86.ActiveCfg = Debug|Win32
		{447FCCF6-3BC2-4E6B-949A-1D611D629678}.Debug|x86.Build.0 = Debug|Win32
		{447FCCF6-3BC2-4E6B-949A-1D611D629678}.Release|x64.ActiveCfg = Release|x64
		{447FCCF6-3BC2-4E6B-949A-1D611D629678}.Release|x64.Build.0 = Release|x64
		{447FCCF6-3BC2-4E6B-949A-1D611D629678}.Release|x86.ActiveCfg = Release|Win32
		{447FCCF6-3BC2-4E6B-949A-1D611D629678}.Release|x86.Build.0 = Release|Win32
		{5148BA7C-9E88-4400-9119-FA57CB880071}.Debug|x64.ActiveCfg = Debug|x64
		{5148BA7C-9E88-4400-9119-FA57CB880071}.Debug|x64.Build.0 = Debug|x64
		{5148BA7C-9E88-4400-9119-FA57CB880071}.Debug|x86.ActiveCfg = Debug|Win32
		{5148BA7C-9E88-4400-9119-FA57CB880071}.Debug|x86.Build.0 = Debug|Win32
		{5148BA7C-9E88-4400-9119-FA57CB880071}.Release|x64.ActiveCfg = Release|x64
		{5148BA7C-9E88-4400-9119-FA57CB880071}.Release|x64.Build.0 = Release|x64
		{5148BA7C-9E88-4400-9119-FA57CB880071}.Release|x86.ActiveCfg = Release|Win32
		{5148BA7C-9E88-4400-9119-FA57CB880071}.Release|x86.Build.0 = Release|Win32
		{A3167BD7-409F-4D1D-8445-F1EF22FE242B}.Debug|x64.ActiveCfg = Debug|x64
		{A3167BD7-409F-4D1D-8445-F1EF22FE242B}.Debug|x64.Build.0 = Debug|x64
		{A3167BD7-409F-4D1D-8445-F1EF22FE242B}.Debug|x86.ActiveCfg = Debug|Win32
		{A3167BD7-409F-4D1D-8445-F1EF22FE242B}.Debug|x86.Build.0 = Debug|Win32
		{A3167BD7-409F-4D1D-8445-F1EF22FE242B}.Release|x64.ActiveCfg = Release|x64
		{A3167BD7-409F-4D1D-8445-F1EF22FE242B}.Release|x64.Build.0 = Release|x64
		{A3167BD7-409F-4D1D-8445-F1EF22FE242B}.Release|x86.ActiveCfg = Release|Win32
		{A3167BD7-409F-4D1D-8445-F1EF22FE242B}.Release|x86.Build.0 = Release|Win32
		{D250B7DF-5BAA-4640-9DAE-59CBD9421E88}.Debug|x64.ActiveCfg = Debug|x64
		{D250B7DF-5BAA-4640-9DAE-59CBD9421E88}.Debug|x64.Build.0 = Debug|x64
		{D250B7DF-5BAA-4640-9DAE-59CBD9421E88}.Debug|x86.ActiveCfg = Debug|Win32
		{D250B7DF-5BAA-4640-9DAE-59CBD9421E88}.Debug|x86.Build.0 = Debug|Win32
		{D250B7DF-5BAA-4640-9DAE-59CBD9421E88}.Release|x64.ActiveCfg = Release|x64
		{D250B7DF-5BAA-4640-9DAE-59CBD9421E88}.Release|x64.Build.0 = Release|x64
		{D250B7DF-5BAA-4640-9DAE-59CBD9421E88}.Release|x86.ActiveCfg = Release|Win32
		{D250B7DF-5BAA-4640-9DAE-59CBD9421E88}.Release|x86.Build.0 = Release|Win32
		{FC576381-CF34-464F-83BA-4BAB1790AA1C}.Debug|x64.ActiveCfg = Debug|x64
		{FC576381-CF34-464F-83BA-4BAB1790AA1C}.Debug|x64.Build.0 = Debug|x64
		{FC576381-CF34-464F-83BA-4BAB1790AA1C}.Debug|x86.ActiveCfg = Debug|Win32
		{FC576381-CF34-464F-83BA-4BAB1790AA1C}.Debug|x86.Build.0 = Debug|Win32
		{FC576381-CF34-464F-83BA-4BAB1790AA1C}.Release|x64.ActiveCfg = Release|x64
		{FC576381-CF34-464F-83BA-4BAB1790AA1C}.Release|x64.Build.0 = Release|x64
		{FC576381-CF34-464F-83BA-4BAB1790AA1C}.Release|x86.ActiveCfg = Release|Win32
		{FC576381-CF34-464F-83BA-4BAB1790AA1C}.Release|x86.Build.0 = Release|Win32
		{20C71491-B43A-47FB-83C8-97E82BD69F79}.Debug|x64.ActiveCfg = Debug|x64
		{20C71491-B43A-47FB-83C8-97E82BD69F79}.Debug|x64.Build.0 = Debug|x64
		{20C71491-B43A-47FB-83C8-97E82BD69F79}.Debug|x86.ActiveCfg = Debug|Win32
		{20C71491-B43A-47FB-83C8-97E82BD69F79}.Debug|x86.Build.0 = Debug|Win32
		{20C71491-B43A-47FB-83C8-97E82BD69F79}.Release|x64.ActiveCfg = Release|x64
		{20C71491-B43A-47FB-83C8-97E82BD69F79}.Release|x64.Build.0 = Release|x64
		{20C71491-B43A-47FB-83C8-97E82BD69F79}.Release|x86.ActiveCfg = Release|Win32
		{20C71491-B43A-47FB-83C8-97E82BD69F79}.Release|x86.Build.0 = Release|Win32
		{1199ED13-C5E0-4626-8CAD-A808DE576B3A}.Debug|x64.ActiveCfg = Debug|x64
		{1199ED13-C5E0-4626-8CAD-A808DE576B3A}.Debug|x64.Build.0 = Debug|x64
		{1199ED13-C5E0-4626-8CAD-A808DE576B3A}.Debug|x86.ActiveCfg = Debug|Win32
		{1199ED13-C5E0-4626-8CAD-A808DE576B3A}.Debug|x86.Build.0 = Debug|Win32
		{1199ED13-C5E0-4626-8CAD-A808DE576B3A}.Release|x64.ActiveCfg = Release|x64
		{1199ED13-C5E0-4626-8CAD-A808DE576B3A}.Release|x64.Build.0 = Release|x64
		{1199ED13-C5E0-4626-8CAD-A808DE576B3A}.Release|x86.ActiveCfg = Release|Win32
		{1199ED13-C5E0-4626-8CAD-A808DE576B3A}.Release|x86.Build.0 = Release|Win32
	EndGlobalSection
	GlobalSection(SolutionProperties) = preSolution
		HideSolutionNode = FALSE
	EndGlobalSection
	GlobalSection(ExtensibilityGlobals) = postSolution
		SolutionGuid = {70D92FE6-A8F5-4FE0-9296-E46AB5506943}
	EndGlobalSection
EndGlobal
