
Microsoft Visual Studio Solution File, Format Version 12.00
# Visual Studio Version 17
VisualStudioVersion = 17.7.34202.233
MinimumVisualStudioVersion = 10.0.40219.1
Project("{8BC9CEB8-8B4A-11D0-8D11-00A0C91BC942}") = "AoC Day 1", "Advent of Code\Advent of Code.vcxproj", "{DE4CA3EF-AF22-4766-AF41-99D88A380E56}"
EndProject
Project("{8BC9CEB8-8B4A-11D0-8D11-00A0C91BC942}") = "AoC Day 2", "AoC Day 2\AoC Day 2.vcxproj", "{447FCCF6-3BC2-4E6B-949A-1D611D629678}"
EndProject
Project("{8BC9CEB8-8B4A-11D0-8D11-00A0C91BC942}") = "AoC Day 3", "AoC Day 3\AoC Day 3.vcxproj", "{5148BA7C-9E88-4400-9119-FA57CB880071}"
EndProject
Global
	GlobalSection(SolutionConfigurationPlatforms) = preSolution
		Debug|x64 = Debug|x64
		Debug|x86 = Debug|x86
		Release|x64 = Release|x64
		Release|x86 = Release|x86
	EndGlobalSection
	GlobalSection(ProjectConfigurationPlatforms) = postSolution
		{DE4CA3EF-AF22-4766-AF41-99D88A380E56}.Debug|x64.ActiveCfg = Debug|x64
		{DE4CA3EF-AF22-4766-AF41-99D88A380E56}.Debug|x64.Build.0 = Debug|x64
		{DE4CA3EF-AF22-4766-AF41-99D88A380E56}.Debug|x86.ActiveCfg = Debug|Win32
		{DE4CA3EF-AF22-4766-AF41-99D88A380E56}.Debug|x86.Build.0 = Debug|Win32
		{DE4CA3EF-AF22-4766-AF41-99D88A380E56}.Release|x64.ActiveCfg = Release|x64
		{DE4CA3EF-AF22-4766-AF41-99D88A380E56}.Release|x64.Build.0 = Release|x64
		{DE4CA3EF-AF22-4766-AF41-99D88A380E56}.Release|x86.ActiveCfg = Release|Win32
		{DE4CA3EF-AF22-4766-AF41-99D88A380E56}.Release|x86.Build.0 = Release|Win32
		{447FCCF6-3BC2-4E6B-949A-1D611D629678}.Debug|x64.ActiveCfg = Debug|x64
		{447FCCF6-3BC2-4E6B-949A-1D611D629678}.Debug|x64.Build.0 = Debug|x64
		{447FCCF6-3BC2-4E6B-949A-1D611D629678}.Debug|x86.ActiveCfg = Debug|Win32
		{447FCCF6-3BC2-4E6B-949A-1D611D629678}.Debug|x86.Build.0 = Debug|Win32
		{447FCCF6-3BC2-4E6B-949A-1D611D629678}.Release|x64.ActiveCfg = Release|x64
		{447FCCF6-3BC2-4E6B-949A-1D611D629678}.Release|x64.Build.0 = Release|x64
		{447FCCF6-3BC2-4E6B-949A-1D611D629678}.Release|x86.ActiveCfg = Release|Win32
		{447FCCF6-3BC2-4E6B-949A-1D611D629678}.Release|x86.Build.0 = Release|Win32
		{5148BA7C-9E88-4400-9119-FA57CB880071}.Debug|x64.ActiveCfg = Debug|x64
		{5148BA7C-9E88-4400-9119-FA57CB880071}.Debug|x64.Build.0 = Debug|x64
		{5148BA7C-9E88-4400-9119-FA57CB880071}.Debug|x86.ActiveCfg = Debug|Win32
		{5148BA7C-9E88-4400-9119-FA57CB880071}.Debug|x86.Build.0 = Debug|Win32
		{5148BA7C-9E88-4400-9119-FA57CB880071}.Release|x64.ActiveCfg = Release|x64
		{5148BA7C-9E88-4400-9119-FA57CB880071}.Release|x64.Build.0 = Release|x64
		{5148BA7C-9E88-4400-9119-FA57CB880071}.Release|x86.ActiveCfg = Release|Win32
		{5148BA7C-9E88-4400-9119-FA57CB880071}.Release|x86.Build.0 = Release|Win32
	EndGlobalSection
	GlobalSection(SolutionProperties) = preSolution
		HideSolutionNode = FALSE
	EndGlobalSection
	GlobalSection(ExtensibilityGlobals) = postSolution
		SolutionGuid = {70D92FE6-A8F5-4FE0-9296-E46AB5506943}
	EndGlobalSection
EndGlobal
